
Microsoft Visual Studio Solution File, Format Version 12.00
# Visual Studio Version 16
VisualStudioVersion = 16.0.32413.511
MinimumVisualStudioVersion = 10.0.40219.1
Project("{9A19103F-16F7-4668-BE54-9A1E7A4F7556}") = "DoAn_LTHDT_NguyenCongDanh_21880020", "DoAn_LTHDT_NguyenCongDanh_21880020\DoAn_LTHDT_NguyenCongDanh_21880020.csproj", "{5409ED3B-8DFC-42DF-A1E0-E681F57878EB}"
EndProject
Project("{9A19103F-16F7-4668-BE54-9A1E7A4F7556}") = "DAL", "DAL\DAL.csproj", "{8DAF9D52-1225-453C-A734-33F7825EA3C7}"
EndProject
Project("{9A19103F-16F7-4668-BE54-9A1E7A4F7556}") = "Entities", "Entities\Entities.csproj", "{5C1A544B-9B91-46F9-B512-454EE038AA98}"
EndProject
Project("{9A19103F-16F7-4668-BE54-9A1E7A4F7556}") = "Services", "Services\Services.csproj", "{1499CE23-A623-47EC-A013-ECA6F6A94F2C}"
EndProject
Global
	GlobalSection(SolutionConfigurationPlatforms) = preSolution
		Debug|Any CPU = Debug|Any CPU
		Release|Any CPU = Release|Any CPU
	EndGlobalSection
	GlobalSection(ProjectConfigurationPlatforms) = postSolution
		{5409ED3B-8DFC-42DF-A1E0-E681F57878EB}.Debug|Any CPU.ActiveCfg = Debug|Any CPU
		{5409ED3B-8DFC-42DF-A1E0-E681F57878EB}.Debug|Any CPU.Build.0 = Debug|Any CPU
		{5409ED3B-8DFC-42DF-A1E0-E681F57878EB}.Release|Any CPU.ActiveCfg = Release|Any CPU
		{5409ED3B-8DFC-42DF-A1E0-E681F57878EB}.Release|Any CPU.Build.0 = Release|Any CPU
		{8DAF9D52-1225-453C-A734-33F7825EA3C7}.Debug|Any CPU.ActiveCfg = Debug|Any CPU
		{8DAF9D52-1225-453C-A734-33F7825EA3C7}.Debug|Any CPU.Build.0 = Debug|Any CPU
		{8DAF9D52-1225-453C-A734-33F7825EA3C7}.Release|Any CPU.ActiveCfg = Release|Any CPU
		{8DAF9D52-1225-453C-A734-33F7825EA3C7}.Release|Any CPU.Build.0 = Release|Any CPU
		{5C1A544B-9B91-46F9-B512-454EE038AA98}.Debug|Any CPU.ActiveCfg = Debug|Any CPU
		{5C1A544B-9B91-46F9-B512-454EE038AA98}.Debug|Any CPU.Build.0 = Debug|Any CPU
		{5C1A544B-9B91-46F9-B512-454EE038AA98}.Release|Any CPU.ActiveCfg = Release|Any CPU
		{5C1A544B-9B91-46F9-B512-454EE038AA98}.Release|Any CPU.Build.0 = Release|Any CPU
		{1499CE23-A623-47EC-A013-ECA6F6A94F2C}.Debug|Any CPU.ActiveCfg = Debug|Any CPU
		{1499CE23-A623-47EC-A013-ECA6F6A94F2C}.Debug|Any CPU.Build.0 = Debug|Any CPU
		{1499CE23-A623-47EC-A013-ECA6F6A94F2C}.Release|Any CPU.ActiveCfg = Release|Any CPU
		{1499CE23-A623-47EC-A013-ECA6F6A94F2C}.Release|Any CPU.Build.0 = Release|Any CPU
	EndGlobalSection
	GlobalSection(SolutionProperties) = preSolution
		HideSolutionNode = FALSE
	EndGlobalSection
	GlobalSection(ExtensibilityGlobals) = postSolution
		SolutionGuid = {A62CC719-BBF3-41E1-A2D0-C9D6A2365F0D}
	EndGlobalSection
EndGlobal
